
Microsoft Visual Studio Solution File, Format Version 12.00
# Visual Studio Version 17
VisualStudioVersion = 17.5.33516.290
MinimumVisualStudioVersion = 10.0.40219.1
Project("{FAE04EC0-301F-11D3-BF4B-00C04F79EFBC}") = "ArknightsCalculator", "ArknightsCalculator\ArknightsCalculator.csproj", "{5339B64A-456B-43B6-AFF3-D3FA99F5D02D}"
EndProject
Global
	GlobalSection(SolutionConfigurationPlatforms) = preSolution
		Debug|Any CPU = Debug|Any CPU
		Release|Any CPU = Release|Any CPU
	EndGlobalSection
	GlobalSection(ProjectConfigurationPlatforms) = postSolution
		{5339B64A-456B-43B6-AFF3-D3FA99F5D02D}.Debug|Any CPU.ActiveCfg = Debug|Any CPU
		{5339B64A-456B-43B6-AFF3-D3FA99F5D02D}.Debug|Any CPU.Build.0 = Debug|Any CPU
		{5339B64A-456B-43B6-AFF3-D3FA99F5D02D}.Release|Any CPU.ActiveCfg = Release|Any CPU
		{5339B64A-456B-43B6-AFF3-D3FA99F5D02D}.Release|Any CPU.Build.0 = Release|Any CPU
	EndGlobalSection
	GlobalSection(SolutionProperties) = preSolution
		HideSolutionNode = FALSE
	EndGlobalSection
	GlobalSection(ExtensibilityGlobals) = postSolution
		SolutionGuid = {CAC78CD1-25C7-4093-9995-6668C983632A}
	EndGlobalSection
EndGlobal
